// !$*UTF8*$!
{
	archiveVersion = 1;
	classes = {
	};
	objectVersion = 55;
	objects = {

/* Begin PBXBuildFile section */
		1AF0C40F86D059E1CBE9C878 /* Pods_collectionview.framework in Frameworks */ = {isa = PBXBuildFile; fileRef = 9B15DF1F735C1B6079836B76 /* Pods_collectionview.framework */; };
		926FB2CA283B5B4F005BA649 /* AppDelegate.swift in Sources */ = {isa = PBXBuildFile; fileRef = 926FB2C9283B5B4F005BA649 /* AppDelegate.swift */; };
		926FB2CC283B5B4F005BA649 /* SceneDelegate.swift in Sources */ = {isa = PBXBuildFile; fileRef = 926FB2CB283B5B4F005BA649 /* SceneDelegate.swift */; };
		926FB2CE283B5B4F005BA649 /* ViewController.swift in Sources */ = {isa = PBXBuildFile; fileRef = 926FB2CD283B5B4F005BA649 /* ViewController.swift */; };
		926FB2D1283B5B4F005BA649 /* Main.storyboard in Resources */ = {isa = PBXBuildFile; fileRef = 926FB2CF283B5B4F005BA649 /* Main.storyboard */; };
		926FB2D4283B5B4F005BA649 /* collectionview.xcdatamodeld in Sources */ = {isa = PBXBuildFile; fileRef = 926FB2D2283B5B4F005BA649 /* collectionview.xcdatamodeld */; };
		926FB2D6283B5B52005BA649 /* Assets.xcassets in Resources */ = {isa = PBXBuildFile; fileRef = 926FB2D5283B5B52005BA649 /* Assets.xcassets */; };
		926FB2D9283B5B52005BA649 /* LaunchScreen.storyboard in Resources */ = {isa = PBXBuildFile; fileRef = 926FB2D7283B5B52005BA649 /* LaunchScreen.storyboard */; };
		926FB2E4283B5B52005BA649 /* collectionviewTests.swift in Sources */ = {isa = PBXBuildFile; fileRef = 926FB2E3283B5B52005BA649 /* collectionviewTests.swift */; };
		926FB2EE283B5B52005BA649 /* collectionviewUITests.swift in Sources */ = {isa = PBXBuildFile; fileRef = 926FB2ED283B5B52005BA649 /* collectionviewUITests.swift */; };
		926FB2F0283B5B52005BA649 /* collectionviewUITestsLaunchTests.swift in Sources */ = {isa = PBXBuildFile; fileRef = 926FB2EF283B5B52005BA649 /* collectionviewUITestsLaunchTests.swift */; };
		92E6CDB62844B7CB008125FF /* Podfile in Resources */ = {isa = PBXBuildFile; fileRef = 92E6CDB52844B7CB008125FF /* Podfile */; };
/* End PBXBuildFile section */

/* Begin PBXContainerItemProxy section */
		926FB2E0283B5B52005BA649 /* PBXContainerItemProxy */ = {
			isa = PBXContainerItemProxy;
			containerPortal = 926FB2BE283B5B4F005BA649 /* Project object */;
			proxyType = 1;
			remoteGlobalIDString = 926FB2C5283B5B4F005BA649;
			remoteInfo = collectionview;
		};
		926FB2EA283B5B52005BA649 /* PBXContainerItemProxy */ = {
			isa = PBXContainerItemProxy;
			containerPortal = 926FB2BE283B5B4F005BA649 /* Project object */;
			proxyType = 1;
			remoteGlobalIDString = 926FB2C5283B5B4F005BA649;
			remoteInfo = collectionview;
		};
/* End PBXContainerItemProxy section */

/* Begin PBXFileReference section */
		926FB2C6283B5B4F005BA649 /* collectionview.app */ = {isa = PBXFileReference; explicitFileType = wrapper.application; includeInIndex = 0; path = collectionview.app; sourceTree = BUILT_PRODUCTS_DIR; };
		926FB2C9283B5B4F005BA649 /* AppDelegate.swift */ = {isa = PBXFileReference; lastKnownFileType = sourcecode.swift; path = AppDelegate.swift; sourceTree = "<group>"; };
		926FB2CB283B5B4F005BA649 /* SceneDelegate.swift */ = {isa = PBXFileReference; lastKnownFileType = sourcecode.swift; path = SceneDelegate.swift; sourceTree = "<group>"; };
		926FB2CD283B5B4F005BA649 /* ViewController.swift */ = {isa = PBXFileReference; lastKnownFileType = sourcecode.swift; path = ViewController.swift; sourceTree = "<group>"; };
		926FB2D0283B5B4F005BA649 /* Base */ = {isa = PBXFileReference; lastKnownFileType = file.storyboard; name = Base; path = Base.lproj/Main.storyboard; sourceTree = "<group>"; };
		926FB2D3283B5B4F005BA649 /* collectionview.xcdatamodel */ = {isa = PBXFileReference; lastKnownFileType = wrapper.xcdatamodel; path = collectionview.xcdatamodel; sourceTree = "<group>"; };
		926FB2D5283B5B52005BA649 /* Assets.xcassets */ = {isa = PBXFileReference; lastKnownFileType = folder.assetcatalog; path = Assets.xcassets; sourceTree = "<group>"; };
		926FB2D8283B5B52005BA649 /* Base */ = {isa = PBXFileReference; lastKnownFileType = file.storyboard; name = Base; path = Base.lproj/LaunchScreen.storyboard; sourceTree = "<group>"; };
		926FB2DA283B5B52005BA649 /* Info.plist */ = {isa = PBXFileReference; lastKnownFileType = text.plist.xml; path = Info.plist; sourceTree = "<group>"; };
		926FB2DF283B5B52005BA649 /* collectionviewTests.xctest */ = {isa = PBXFileReference; explicitFileType = wrapper.cfbundle; includeInIndex = 0; path = collectionviewTests.xctest; sourceTree = BUILT_PRODUCTS_DIR; };
		926FB2E3283B5B52005BA649 /* collectionviewTests.swift */ = {isa = PBXFileReference; lastKnownFileType = sourcecode.swift; path = collectionviewTests.swift; sourceTree = "<group>"; };
		926FB2E9283B5B52005BA649 /* collectionviewUITests.xctest */ = {isa = PBXFileReference; explicitFileType = wrapper.cfbundle; includeInIndex = 0; path = collectionviewUITests.xctest; sourceTree = BUILT_PRODUCTS_DIR; };
		926FB2ED283B5B52005BA649 /* collectionviewUITests.swift */ = {isa = PBXFileReference; lastKnownFileType = sourcecode.swift; path = collectionviewUITests.swift; sourceTree = "<group>"; };
		926FB2EF283B5B52005BA649 /* collectionviewUITestsLaunchTests.swift */ = {isa = PBXFileReference; lastKnownFileType = sourcecode.swift; path = collectionviewUITestsLaunchTests.swift; sourceTree = "<group>"; };
		92E6CDB52844B7CB008125FF /* Podfile */ = {isa = PBXFileReference; explicitFileType = text; path = Podfile; sourceTree = "<group>"; xcLanguageSpecificationIdentifier = xcode.lang.ruby; };
		9B15DF1F735C1B6079836B76 /* Pods_collectionview.framework */ = {isa = PBXFileReference; explicitFileType = wrapper.framework; includeInIndex = 0; path = Pods_collectionview.framework; sourceTree = BUILT_PRODUCTS_DIR; };
		C57D59C5B6E73A19C64546CF /* Pods-collectionview.release.xcconfig */ = {isa = PBXFileReference; includeInIndex = 1; lastKnownFileType = text.xcconfig; name = "Pods-collectionview.release.xcconfig"; path = "Target Support Files/Pods-collectionview/Pods-collectionview.release.xcconfig"; sourceTree = "<group>"; };
		E0EC911B5FFDB9D03349D1A5 /* Pods-collectionview.debug.xcconfig */ = {isa = PBXFileReference; includeInIndex = 1; lastKnownFileType = text.xcconfig; name = "Pods-collectionview.debug.xcconfig"; path = "Target Support Files/Pods-collectionview/Pods-collectionview.debug.xcconfig"; sourceTree = "<group>"; };
/* End PBXFileReference section */

/* Begin PBXFrameworksBuildPhase section */
		926FB2C3283B5B4F005BA649 /* Frameworks */ = {
			isa = PBXFrameworksBuildPhase;
			buildActionMask = 2147483647;
			files = (
				1AF0C40F86D059E1CBE9C878 /* Pods_collectionview.framework in Frameworks */,
			);
			runOnlyForDeploymentPostprocessing = 0;
		};
		926FB2DC283B5B52005BA649 /* Frameworks */ = {
			isa = PBXFrameworksBuildPhase;
			buildActionMask = 2147483647;
			files = (
			);
			runOnlyForDeploymentPostprocessing = 0;
		};
		926FB2E6283B5B52005BA649 /* Frameworks */ = {
			isa = PBXFrameworksBuildPhase;
			buildActionMask = 2147483647;
			files = (
			);
			runOnlyForDeploymentPostprocessing = 0;
		};
/* End PBXFrameworksBuildPhase section */

/* Begin PBXGroup section */
		926FB2BD283B5B4F005BA649 = {
			isa = PBXGroup;
			children = (
				92E6CDB52844B7CB008125FF /* Podfile */,
				926FB2C8283B5B4F005BA649 /* collectionview */,
				926FB2E2283B5B52005BA649 /* collectionviewTests */,
				926FB2EC283B5B52005BA649 /* collectionviewUITests */,
				926FB2C7283B5B4F005BA649 /* Products */,
				FB23BFC142CBDD2F2BC401B3 /* Pods */,
				D699852DB76E25121654D0EF /* Frameworks */,
			);
			sourceTree = "<group>";
		};
		926FB2C7283B5B4F005BA649 /* Products */ = {
			isa = PBXGroup;
			children = (
				926FB2C6283B5B4F005BA649 /* collectionview.app */,
				926FB2DF283B5B52005BA649 /* collectionviewTests.xctest */,
				926FB2E9283B5B52005BA649 /* collectionviewUITests.xctest */,
			);
			name = Products;
			sourceTree = "<group>";
		};
		926FB2C8283B5B4F005BA649 /* collectionview */ = {
			isa = PBXGroup;
			children = (
				926FB2C9283B5B4F005BA649 /* AppDelegate.swift */,
				926FB2CB283B5B4F005BA649 /* SceneDelegate.swift */,
				926FB2CD283B5B4F005BA649 /* ViewController.swift */,
				926FB2CF283B5B4F005BA649 /* Main.storyboard */,
				926FB2D5283B5B52005BA649 /* Assets.xcassets */,
				926FB2D7283B5B52005BA649 /* LaunchScreen.storyboard */,
				926FB2DA283B5B52005BA649 /* Info.plist */,
				926FB2D2283B5B4F005BA649 /* collectionview.xcdatamodeld */,
			);
			path = collectionview;
			sourceTree = "<group>";
		};
		926FB2E2283B5B52005BA649 /* collectionviewTests */ = {
			isa = PBXGroup;
			children = (
				926FB2E3283B5B52005BA649 /* collectionviewTests.swift */,
			);
			path = collectionviewTests;
			sourceTree = "<group>";
		};
		926FB2EC283B5B52005BA649 /* collectionviewUITests */ = {
			isa = PBXGroup;
			children = (
				926FB2ED283B5B52005BA649 /* collectionviewUITests.swift */,
				926FB2EF283B5B52005BA649 /* collectionviewUITestsLaunchTests.swift */,
			);
			path = collectionviewUITests;
			sourceTree = "<group>";
		};
		D699852DB76E25121654D0EF /* Frameworks */ = {
			isa = PBXGroup;
			children = (
				9B15DF1F735C1B6079836B76 /* Pods_collectionview.framework */,
			);
			name = Frameworks;
			sourceTree = "<group>";
		};
		FB23BFC142CBDD2F2BC401B3 /* Pods */ = {
			isa = PBXGroup;
			children = (
				E0EC911B5FFDB9D03349D1A5 /* Pods-collectionview.debug.xcconfig */,
				C57D59C5B6E73A19C64546CF /* Pods-collectionview.release.xcconfig */,
			);
			path = Pods;
			sourceTree = "<group>";
		};
/* End PBXGroup section */

/* Begin PBXNativeTarget section */
		926FB2C5283B5B4F005BA649 /* collectionview */ = {
			isa = PBXNativeTarget;
			buildConfigurationList = 926FB2F3283B5B52005BA649 /* Build configuration list for PBXNativeTarget "collectionview" */;
			buildPhases = (
				A24BB6FCF8F2ACA40E5A8346 /* [CP] Check Pods Manifest.lock */,
				926FB2C2283B5B4F005BA649 /* Sources */,
				926FB2C3283B5B4F005BA649 /* Frameworks */,
				926FB2C4283B5B4F005BA649 /* Resources */,
				6E68A8C8C9BF148F7766EF94 /* [CP] Embed Pods Frameworks */,
			);
			buildRules = (
			);
			dependencies = (
			);
			name = collectionview;
			productName = collectionview;
			productReference = 926FB2C6283B5B4F005BA649 /* collectionview.app */;
			productType = "com.apple.product-type.application";
		};
		926FB2DE283B5B52005BA649 /* collectionviewTests */ = {
			isa = PBXNativeTarget;
			buildConfigurationList = 926FB2F6283B5B52005BA649 /* Build configuration list for PBXNativeTarget "collectionviewTests" */;
			buildPhases = (
				926FB2DB283B5B52005BA649 /* Sources */,
				926FB2DC283B5B52005BA649 /* Frameworks */,
				926FB2DD283B5B52005BA649 /* Resources */,
			);
			buildRules = (
			);
			dependencies = (
				926FB2E1283B5B52005BA649 /* PBXTargetDependency */,
			);
			name = collectionviewTests;
			productName = collectionviewTests;
			productReference = 926FB2DF283B5B52005BA649 /* collectionviewTests.xctest */;
			productType = "com.apple.product-type.bundle.unit-test";
		};
		926FB2E8283B5B52005BA649 /* collectionviewUITests */ = {
			isa = PBXNativeTarget;
			buildConfigurationList = 926FB2F9283B5B52005BA649 /* Build configuration list for PBXNativeTarget "collectionviewUITests" */;
			buildPhases = (
				926FB2E5283B5B52005BA649 /* Sources */,
				926FB2E6283B5B52005BA649 /* Frameworks */,
				926FB2E7283B5B52005BA649 /* Resources */,
			);
			buildRules = (
			);
			dependencies = (
				926FB2EB283B5B52005BA649 /* PBXTargetDependency */,
			);
			name = collectionviewUITests;
			productName = collectionviewUITests;
			productReference = 926FB2E9283B5B52005BA649 /* collectionviewUITests.xctest */;
			productType = "com.apple.product-type.bundle.ui-testing";
		};
/* End PBXNativeTarget section */

/* Begin PBXProject section */
		926FB2BE283B5B4F005BA649 /* Project object */ = {
			isa = PBXProject;
			attributes = {
				BuildIndependentTargetsInParallel = 1;
				LastSwiftUpdateCheck = 1330;
				LastUpgradeCheck = 1330;
				TargetAttributes = {
					926FB2C5283B5B4F005BA649 = {
						CreatedOnToolsVersion = 13.3.1;
					};
					926FB2DE283B5B52005BA649 = {
						CreatedOnToolsVersion = 13.3.1;
						TestTargetID = 926FB2C5283B5B4F005BA649;
					};
					926FB2E8283B5B52005BA649 = {
						CreatedOnToolsVersion = 13.3.1;
						TestTargetID = 926FB2C5283B5B4F005BA649;
					};
				};
			};
			buildConfigurationList = 926FB2C1283B5B4F005BA649 /* Build configuration list for PBXProject "collectionview" */;
			compatibilityVersion = "Xcode 13.0";
			developmentRegion = en;
			hasScannedForEncodings = 0;
			knownRegions = (
				en,
				Base,
			);
			mainGroup = 926FB2BD283B5B4F005BA649;
			productRefGroup = 926FB2C7283B5B4F005BA649 /* Products */;
			projectDirPath = "";
			projectRoot = "";
			targets = (
				926FB2C5283B5B4F005BA649 /* collectionview */,
				926FB2DE283B5B52005BA649 /* collectionviewTests */,
				926FB2E8283B5B52005BA649 /* collectionviewUITests */,
			);
		};
/* End PBXProject section */

/* Begin PBXResourcesBuildPhase section */
		926FB2C4283B5B4F005BA649 /* Resources */ = {
			isa = PBXResourcesBuildPhase;
			buildActionMask = 2147483647;
			files = (
				926FB2D9283B5B52005BA649 /* LaunchScreen.storyboard in Resources */,
				926FB2D6283B5B52005BA649 /* Assets.xcassets in Resources */,
				926FB2D1283B5B4F005BA649 /* Main.storyboard in Resources */,
				92E6CDB62844B7CB008125FF /* Podfile in Resources */,
			);
			runOnlyForDeploymentPostprocessing = 0;
		};
		926FB2DD283B5B52005BA649 /* Resources */ = {
			isa = PBXResourcesBuildPhase;
			buildActionMask = 2147483647;
			files = (
			);
			runOnlyForDeploymentPostprocessing = 0;
		};
		926FB2E7283B5B52005BA649 /* Resources */ = {
			isa = PBXResourcesBuildPhase;
			buildActionMask = 2147483647;
			files = (
			);
			runOnlyForDeploymentPostprocessing = 0;
		};
/* End PBXResourcesBuildPhase section */

/* Begin PBXShellScriptBuildPhase section */
		6E68A8C8C9BF148F7766EF94 /* [CP] Embed Pods Frameworks */ = {
			isa = PBXShellScriptBuildPhase;
			buildActionMask = 2147483647;
			files = (
			);
			inputFileListPaths = (
				"${PODS_ROOT}/Target Support Files/Pods-collectionview/Pods-collectionview-frameworks-${CONFIGURATION}-input-files.xcfilelist",
			);
			name = "[CP] Embed Pods Frameworks";
			outputFileListPaths = (
				"${PODS_ROOT}/Target Support Files/Pods-collectionview/Pods-collectionview-frameworks-${CONFIGURATION}-output-files.xcfilelist",
			);
			runOnlyForDeploymentPostprocessing = 0;
			shellPath = /bin/sh;
			shellScript = "\"${PODS_ROOT}/Target Support Files/Pods-collectionview/Pods-collectionview-frameworks.sh\"\n";
			showEnvVarsInLog = 0;
		};
		A24BB6FCF8F2ACA40E5A8346 /* [CP] Check Pods Manifest.lock */ = {
			isa = PBXShellScriptBuildPhase;
			buildActionMask = 2147483647;
			files = (
			);
			inputFileListPaths = (
			);
			inputPaths = (
				"${PODS_PODFILE_DIR_PATH}/Podfile.lock",
				"${PODS_ROOT}/Manifest.lock",
			);
			name = "[CP] Check Pods Manifest.lock";
			outputFileListPaths = (
			);
			outputPaths = (
				"$(DERIVED_FILE_DIR)/Pods-collectionview-checkManifestLockResult.txt",
			);
			runOnlyForDeploymentPostprocessing = 0;
			shellPath = /bin/sh;
			shellScript = "diff \"${PODS_PODFILE_DIR_PATH}/Podfile.lock\" \"${PODS_ROOT}/Manifest.lock\" > /dev/null\nif [ $? != 0 ] ; then\n    # print error to STDERR\n    echo \"error: The sandbox is not in sync with the Podfile.lock. Run 'pod install' or update your CocoaPods installation.\" >&2\n    exit 1\nfi\n# This output is used by Xcode 'outputs' to avoid re-running this script phase.\necho \"SUCCESS\" > \"${SCRIPT_OUTPUT_FILE_0}\"\n";
			showEnvVarsInLog = 0;
		};
/* End PBXShellScriptBuildPhase section */

/* Begin PBXSourcesBuildPhase section */
		926FB2C2283B5B4F005BA649 /* Sources */ = {
			isa = PBXSourcesBuildPhase;
			buildActionMask = 2147483647;
			files = (
				926FB2CE283B5B4F005BA649 /* ViewController.swift in Sources */,
				926FB2CA283B5B4F005BA649 /* AppDelegate.swift in Sources */,
				926FB2D4283B5B4F005BA649 /* collectionview.xcdatamodeld in Sources */,
				926FB2CC283B5B4F005BA649 /* SceneDelegate.swift in Sources */,
			);
			runOnlyForDeploymentPostprocessing = 0;
		};
		926FB2DB283B5B52005BA649 /* Sources */ = {
			isa = PBXSourcesBuildPhase;
			buildActionMask = 2147483647;
			files = (
				926FB2E4283B5B52005BA649 /* collectionviewTests.swift in Sources */,
			);
			runOnlyForDeploymentPostprocessing = 0;
		};
		926FB2E5283B5B52005BA649 /* Sources */ = {
			isa = PBXSourcesBuildPhase;
			buildActionMask = 2147483647;
			files = (
				926FB2EE283B5B52005BA649 /* collectionviewUITests.swift in Sources */,
				926FB2F0283B5B52005BA649 /* collectionviewUITestsLaunchTests.swift in Sources */,
			);
			runOnlyForDeploymentPostprocessing = 0;
		};
/* End PBXSourcesBuildPhase section */

/* Begin PBXTargetDependency section */
		926FB2E1283B5B52005BA649 /* PBXTargetDependency */ = {
			isa = PBXTargetDependency;
			target = 926FB2C5283B5B4F005BA649 /* collectionview */;
			targetProxy = 926FB2E0283B5B52005BA649 /* PBXContainerItemProxy */;
		};
		926FB2EB283B5B52005BA649 /* PBXTargetDependency */ = {
			isa = PBXTargetDependency;
			target = 926FB2C5283B5B4F005BA649 /* collectionview */;
			targetProxy = 926FB2EA283B5B52005BA649 /* PBXContainerItemProxy */;
		};
/* End PBXTargetDependency section */

/* Begin PBXVariantGroup section */
		926FB2CF283B5B4F005BA649 /* Main.storyboard */ = {
			isa = PBXVariantGroup;
			children = (
				926FB2D0283B5B4F005BA649 /* Base */,
			);
			name = Main.storyboard;
			sourceTree = "<group>";
		};
		926FB2D7283B5B52005BA649 /* LaunchScreen.storyboard */ = {
			isa = PBXVariantGroup;
			children = (
				926FB2D8283B5B52005BA649 /* Base */,
			);
			name = LaunchScreen.storyboard;
			sourceTree = "<group>";
		};
/* End PBXVariantGroup section */

/* Begin XCBuildConfiguration section */
		926FB2F1283B5B52005BA649 /* Debug */ = {
			isa = XCBuildConfiguration;
			buildSettings = {
				ALWAYS_SEARCH_USER_PATHS = NO;
				CLANG_ANALYZER_NONNULL = YES;
				CLANG_ANALYZER_NUMBER_OBJECT_CONVERSION = YES_AGGRESSIVE;
				CLANG_CXX_LANGUAGE_STANDARD = "gnu++17";
				CLANG_ENABLE_MODULES = YES;
				CLANG_ENABLE_OBJC_ARC = YES;
				CLANG_ENABLE_OBJC_WEAK = YES;
				CLANG_WARN_BLOCK_CAPTURE_AUTORELEASING = YES;
				CLANG_WARN_BOOL_CONVERSION = YES;
				CLANG_WARN_COMMA = YES;
				CLANG_WARN_CONSTANT_CONVERSION = YES;
				CLANG_WARN_DEPRECATED_OBJC_IMPLEMENTATIONS = YES;
				CLANG_WARN_DIRECT_OBJC_ISA_USAGE = YES_ERROR;
				CLANG_WARN_DOCUMENTATION_COMMENTS = YES;
				CLANG_WARN_EMPTY_BODY = YES;
				CLANG_WARN_ENUM_CONVERSION = YES;
				CLANG_WARN_INFINITE_RECURSION = YES;
				CLANG_WARN_INT_CONVERSION = YES;
				CLANG_WARN_NON_LITERAL_NULL_CONVERSION = YES;
				CLANG_WARN_OBJC_IMPLICIT_RETAIN_SELF = YES;
				CLANG_WARN_OBJC_LITERAL_CONVERSION = YES;
				CLANG_WARN_OBJC_ROOT_CLASS = YES_ERROR;
				CLANG_WARN_QUOTED_INCLUDE_IN_FRAMEWORK_HEADER = YES;
				CLANG_WARN_RANGE_LOOP_ANALYSIS = YES;
				CLANG_WARN_STRICT_PROTOTYPES = YES;
				CLANG_WARN_SUSPICIOUS_MOVE = YES;
				CLANG_WARN_UNGUARDED_AVAILABILITY = YES_AGGRESSIVE;
				CLANG_WARN_UNREACHABLE_CODE = YES;
				CLANG_WARN__DUPLICATE_METHOD_MATCH = YES;
				COPY_PHASE_STRIP = NO;
				DEBUG_INFORMATION_FORMAT = dwarf;
				ENABLE_STRICT_OBJC_MSGSEND = YES;
				ENABLE_TESTABILITY = YES;
				GCC_C_LANGUAGE_STANDARD = gnu11;
				GCC_DYNAMIC_NO_PIC = NO;
				GCC_NO_COMMON_BLOCKS = YES;
				GCC_OPTIMIZATION_LEVEL = 0;
				GCC_PREPROCESSOR_DEFINITIONS = (
					"DEBUG=1",
					"$(inherited)",
				);
				GCC_WARN_64_TO_32_BIT_CONVERSION = YES;
				GCC_WARN_ABOUT_RETURN_TYPE = YES_ERROR;
				GCC_WARN_UNDECLARED_SELECTOR = YES;
				GCC_WARN_UNINITIALIZED_AUTOS = YES_AGGRESSIVE;
				GCC_WARN_UNUSED_FUNCTION = YES;
				GCC_WARN_UNUSED_VARIABLE = YES;
				IPHONEOS_DEPLOYMENT_TARGET = 15.4;
				MTL_ENABLE_DEBUG_INFO = INCLUDE_SOURCE;
				MTL_FAST_MATH = YES;
				ONLY_ACTIVE_ARCH = YES;
				SDKROOT = iphoneos;
				SWIFT_ACTIVE_COMPILATION_CONDITIONS = DEBUG;
				SWIFT_OPTIMIZATION_LEVEL = "-Onone";
			};
			name = Debug;
		};
		926FB2F2283B5B52005BA649 /* Release */ = {
			isa = XCBuildConfiguration;
			buildSettings = {
				ALWAYS_SEARCH_USER_PATHS = NO;
				CLANG_ANALYZER_NONNULL = YES;
				CLANG_ANALYZER_NUMBER_OBJECT_CONVERSION = YES_AGGRESSIVE;
				CLANG_CXX_LANGUAGE_STANDARD = "gnu++17";
				CLANG_ENABLE_MODULES = YES;
				CLANG_ENABLE_OBJC_ARC = YES;
				CLANG_ENABLE_OBJC_WEAK = YES;
				CLANG_WARN_BLOCK_CAPTURE_AUTORELEASING = YES;
				CLANG_WARN_BOOL_CONVERSION = YES;
				CLANG_WARN_COMMA = YES;
				CLANG_WARN_CONSTANT_CONVERSION = YES;
				CLANG_WARN_DEPRECATED_OBJC_IMPLEMENTATIONS = YES;
				CLANG_WARN_DIRECT_OBJC_ISA_USAGE = YES_ERROR;
				CLANG_WARN_DOCUMENTATION_COMMENTS = YES;
				CLANG_WARN_EMPTY_BODY = YES;
				CLANG_WARN_ENUM_CONVERSION = YES;
				CLANG_WARN_INFINITE_RECURSION = YES;
				CLANG_WARN_INT_CONVERSION = YES;
				CLANG_WARN_NON_LITERAL_NULL_CONVERSION = YES;
				CLANG_WARN_OBJC_IMPLICIT_RETAIN_SELF = YES;
				CLANG_WARN_OBJC_LITERAL_CONVERSION = YES;
				CLANG_WARN_OBJC_ROOT_CLASS = YES_ERROR;
				CLANG_WARN_QUOTED_INCLUDE_IN_FRAMEWORK_HEADER = YES;
				CLANG_WARN_RANGE_LOOP_ANALYSIS = YES;
				CLANG_WARN_STRICT_PROTOTYPES = YES;
				CLANG_WARN_SUSPICIOUS_MOVE = YES;
				CLANG_WARN_UNGUARDED_AVAILABILITY = YES_AGGRESSIVE;
				CLANG_WARN_UNREACHABLE_CODE = YES;
				CLANG_WARN__DUPLICATE_METHOD_MATCH = YES;
				COPY_PHASE_STRIP = NO;
				DEBUG_INFORMATION_FORMAT = "dwarf-with-dsym";
				ENABLE_NS_ASSERTIONS = NO;
				ENABLE_STRICT_OBJC_MSGSEND = YES;
				GCC_C_LANGUAGE_STANDARD = gnu11;
				GCC_NO_COMMON_BLOCKS = YES;
				GCC_WARN_64_TO_32_BIT_CONVERSION = YES;
				GCC_WARN_ABOUT_RETURN_TYPE = YES_ERROR;
				GCC_WARN_UNDECLARED_SELECTOR = YES;
				GCC_WARN_UNINITIALIZED_AUTOS = YES_AGGRESSIVE;
				GCC_WARN_UNUSED_FUNCTION = YES;
				GCC_WARN_UNUSED_VARIABLE = YES;
				IPHONEOS_DEPLOYMENT_TARGET = 15.4;
				MTL_ENABLE_DEBUG_INFO = NO;
				MTL_FAST_MATH = YES;
				SDKROOT = iphoneos;
				SWIFT_COMPILATION_MODE = wholemodule;
				SWIFT_OPTIMIZATION_LEVEL = "-O";
				VALIDATE_PRODUCT = YES;
			};
			name = Release;
		};
		926FB2F4283B5B52005BA649 /* Debug */ = {
			isa = XCBuildConfiguration;
			baseConfigurationReference = E0EC911B5FFDB9D03349D1A5 /* Pods-collectionview.debug.xcconfig */;
			buildSettings = {
				ASSETCATALOG_COMPILER_APPICON_NAME = AppIcon;
				ASSETCATALOG_COMPILER_GLOBAL_ACCENT_COLOR_NAME = AccentColor;
				CODE_SIGN_STYLE = Automatic;
				CURRENT_PROJECT_VERSION = 1;
				DEVELOPMENT_TEAM = BWL68L4987;
				GENERATE_INFOPLIST_FILE = YES;
				INFOPLIST_FILE = collectionview/Info.plist;
				INFOPLIST_KEY_CFBundleDisplayName = "";
				INFOPLIST_KEY_LSApplicationCategoryType = "";
				INFOPLIST_KEY_UIApplicationSupportsIndirectInputEvents = YES;
				INFOPLIST_KEY_UILaunchStoryboardName = LaunchScreen;
				INFOPLIST_KEY_UIMainStoryboardFile = Main;
				INFOPLIST_KEY_UISupportedInterfaceOrientations_iPad = "UIInterfaceOrientationPortrait UIInterfaceOrientationPortraitUpsideDown UIInterfaceOrientationLandscapeLeft UIInterfaceOrientationLandscapeRight";
				INFOPLIST_KEY_UISupportedInterfaceOrientations_iPhone = "UIInterfaceOrientationPortrait UIInterfaceOrientationLandscapeLeft UIInterfaceOrientationLandscapeRight";
				LD_RUNPATH_SEARCH_PATHS = (
					"$(inherited)",
					"@executable_path/Frameworks",
				);
				MARKETING_VERSION = 1.0;
				PRODUCT_BUNDLE_IDENTIFIER = com.example.collectionview;
				PRODUCT_NAME = "$(TARGET_NAME)";
				SWIFT_EMIT_LOC_STRINGS = YES;
				SWIFT_VERSION = 5.0;
				TARGETED_DEVICE_FAMILY = "1,2";
			};
			name = Debug;
		};
		926FB2F5283B5B52005BA649 /* Release */ = {
			isa = XCBuildConfiguration;
			baseConfigurationReference = C57D59C5B6E73A19C64546CF /* Pods-collectionview.release.xcconfig */;
			buildSettings = {
				ASSETCATALOG_COMPILER_APPICON_NAME = AppIcon;
				ASSETCATALOG_COMPILER_GLOBAL_ACCENT_COLOR_NAME = AccentColor;
				CODE_SIGN_STYLE = Automatic;
				CURRENT_PROJECT_VERSION = 1;
				DEVELOPMENT_TEAM = BWL68L4987;
				GENERATE_INFOPLIST_FILE = YES;
				INFOPLIST_FILE = collectionview/Info.plist;
				INFOPLIST_KEY_CFBundleDisplayName = "";
				INFOPLIST_KEY_LSApplicationCategoryType = "";
				INFOPLIST_KEY_UIApplicationSupportsIndirectInputEvents = YES;
				INFOPLIST_KEY_UILaunchStoryboardName = LaunchScreen;
				INFOPLIST_KEY_UIMainStoryboardFile = Main;
				INFOPLIST_KEY_UISupportedInterfaceOrientations_iPad = "UIInterfaceOrientationPortrait UIInterfaceOrientationPortraitUpsideDown UIInterfaceOrientationLandscapeLeft UIInterfaceOrientationLandscapeRight";
				INFOPLIST_KEY_UISupportedInterfaceOrientations_iPhone = "UIInterfaceOrientationPortrait UIInterfaceOrientationLandscapeLeft UIInterfaceOrientationLandscapeRight";
				LD_RUNPATH_SEARCH_PATHS = (
					"$(inherited)",
					"@executable_path/Frameworks",
				);
				MARKETING_VERSION = 1.0;
				PRODUCT_BUNDLE_IDENTIFIER = com.example.collectionview;
				PRODUCT_NAME = "$(TARGET_NAME)";
				SWIFT_EMIT_LOC_STRINGS = YES;
				SWIFT_VERSION = 5.0;
				TARGETED_DEVICE_FAMILY = "1,2";
			};
			name = Release;
		};
		926FB2F7283B5B52005BA649 /* Debug */ = {
			isa = XCBuildConfiguration;
			buildSettings = {
				ALWAYS_EMBED_SWIFT_STANDARD_LIBRARIES = YES;
				BUNDLE_LOADER = "$(TEST_HOST)";
				CODE_SIGN_STYLE = Automatic;
				CURRENT_PROJECT_VERSION = 1;
				DEVELOPMENT_TEAM = BWL68L4987;
				GENERATE_INFOPLIST_FILE = YES;
				IPHONEOS_DEPLOYMENT_TARGET = 15.4;
				MARKETING_VERSION = 1.0;
				PRODUCT_BUNDLE_IDENTIFIER = com.example.collectionviewTests;
				PRODUCT_NAME = "$(TARGET_NAME)";
				SWIFT_EMIT_LOC_STRINGS = NO;
				SWIFT_VERSION = 5.0;
				TARGETED_DEVICE_FAMILY = "1,2";
				TEST_HOST = "$(BUILT_PRODUCTS_DIR)/collectionview.app/collectionview";
			};
			name = Debug;
		};
		926FB2F8283B5B52005BA649 /* Release */ = {
			isa = XCBuildConfiguration;
			buildSettings = {
				ALWAYS_EMBED_SWIFT_STANDARD_LIBRARIES = YES;
				BUNDLE_LOADER = "$(TEST_HOST)";
				CODE_SIGN_STYLE = Automatic;
				CURRENT_PROJECT_VERSION = 1;
				DEVELOPMENT_TEAM = BWL68L4987;
				GENERATE_INFOPLIST_FILE = YES;
				IPHONEOS_DEPLOYMENT_TARGET = 15.4;
				MARKETING_VERSION = 1.0;
				PRODUCT_BUNDLE_IDENTIFIER = com.example.collectionviewTests;
				PRODUCT_NAME = "$(TARGET_NAME)";
				SWIFT_EMIT_LOC_STRINGS = NO;
				SWIFT_VERSION = 5.0;
				TARGETED_DEVICE_FAMILY = "1,2";
				TEST_HOST = "$(BUILT_PRODUCTS_DIR)/collectionview.app/collectionview";
			};
			name = Release;
		};
		926FB2FA283B5B52005BA649 /* Debug */ = {
			isa = XCBuildConfiguration;
			buildSettings = {
				ALWAYS_EMBED_SWIFT_STANDARD_LIBRARIES = YES;
				CODE_SIGN_STYLE = Automatic;
				CURRENT_PROJECT_VERSION = 1;
				DEVELOPMENT_TEAM = BWL68L4987;
				GENERATE_INFOPLIST_FILE = YES;
				MARKETING_VERSION = 1.0;
				PRODUCT_BUNDLE_IDENTIFIER = com.example.collectionviewUITests;
				PRODUCT_NAME = "$(TARGET_NAME)";
				SWIFT_EMIT_LOC_STRINGS = NO;
				SWIFT_VERSION = 5.0;
				TARGETED_DEVICE_FAMILY = "1,2";
				TEST_TARGET_NAME = collectionview;
			};
			name = Debug;
		};
		926FB2FB283B5B52005BA649 /* Release */ = {
			isa = XCBuildConfiguration;
			buildSettings = {
				ALWAYS_EMBED_SWIFT_STANDARD_LIBRARIES = YES;
				CODE_SIGN_STYLE = Automatic;
				CURRENT_PROJECT_VERSION = 1;
				DEVELOPMENT_TEAM = BWL68L4987;
				GENERATE_INFOPLIST_FILE = YES;
				MARKETING_VERSION = 1.0;
				PRODUCT_BUNDLE_IDENTIFIER = com.example.collectionviewUITests;
				PRODUCT_NAME = "$(TARGET_NAME)";
				SWIFT_EMIT_LOC_STRINGS = NO;
				SWIFT_VERSION = 5.0;
				TARGETED_DEVICE_FAMILY = "1,2";
				TEST_TARGET_NAME = collectionview;
			};
			name = Release;
		};
/* End XCBuildConfiguration section */

/* Begin XCConfigurationList section */
		926FB2C1283B5B4F005BA649 /* Build configuration list for PBXProject "collectionview" */ = {
			isa = XCConfigurationList;
			buildConfigurations = (
				926FB2F1283B5B52005BA649 /* Debug */,
				926FB2F2283B5B52005BA649 /* Release */,
			);
			defaultConfigurationIsVisible = 0;
			defaultConfigurationName = Release;
		};
		926FB2F3283B5B52005BA649 /* Build configuration list for PBXNativeTarget "collectionview" */ = {
			isa = XCConfigurationList;
			buildConfigurations = (
				926FB2F4283B5B52005BA649 /* Debug */,
				926FB2F5283B5B52005BA649 /* Release */,
			);
			defaultConfigurationIsVisible = 0;
			defaultConfigurationName = Release;
		};
		926FB2F6283B5B52005BA649 /* Build configuration list for PBXNativeTarget "collectionviewTests" */ = {
			isa = XCConfigurationList;
			buildConfigurations = (
				926FB2F7283B5B52005BA649 /* Debug */,
				926FB2F8283B5B52005BA649 /* Release */,
			);
			defaultConfigurationIsVisible = 0;
			defaultConfigurationName = Release;
		};
		926FB2F9283B5B52005BA649 /* Build configuration list for PBXNativeTarget "collectionviewUITests" */ = {
			isa = XCConfigurationList;
			buildConfigurations = (
				926FB2FA283B5B52005BA649 /* Debug */,
				926FB2FB283B5B52005BA649 /* Release */,
			);
			defaultConfigurationIsVisible = 0;
			defaultConfigurationName = Release;
		};
/* End XCConfigurationList section */

/* Begin XCVersionGroup section */
		926FB2D2283B5B4F005BA649 /* collectionview.xcdatamodeld */ = {
			isa = XCVersionGroup;
			children = (
				926FB2D3283B5B4F005BA649 /* collectionview.xcdatamodel */,
			);
			currentVersion = 926FB2D3283B5B4F005BA649 /* collectionview.xcdatamodel */;
			path = collectionview.xcdatamodeld;
			sourceTree = "<group>";
			versionGroupType = wrapper.xcdatamodel;
		};
/* End XCVersionGroup section */
	};
	rootObject = 926FB2BE283B5B4F005BA649 /* Project object */;
}
